
Microsoft Visual Studio Solution File, Format Version 12.00
# Visual Studio Version 17
VisualStudioVersion = 17.6.33829.357
MinimumVisualStudioVersion = 10.0.40219.1
Project("{2150E333-8FDC-42A3-9474-1A3956D46DE8}") = "Engine", "Engine", "{AD92CFFF-27F4-4DD9-8BCB-BF1005E3CE42}"
EndProject
Project("{2150E333-8FDC-42A3-9474-1A3956D46DE8}") = "Game", "Game", "{0C1DCB25-C0E0-4D7D-BB82-4FCFBA5B54DC}"
EndProject
Project("{2150E333-8FDC-42A3-9474-1A3956D46DE8}") = "Audio", "Audio", "{DD361952-F8A5-477F-878D-643DD79F791F}"
EndProject
Project("{2150E333-8FDC-42A3-9474-1A3956D46DE8}") = "Core", "Core", "{7A473815-312B-45EC-B0CF-615BD99E747F}"
EndProject
Project("{2150E333-8FDC-42A3-9474-1A3956D46DE8}") = "Framework", "Framework", "{63404EC7-9AB4-465E-9E64-BB6C2B62FE4C}"
EndProject
Project("{2150E333-8FDC-42A3-9474-1A3956D46DE8}") = "Input", "Input", "{1368B514-3476-4EFF-B513-8CD53B164184}"
EndProject
Project("{2150E333-8FDC-42A3-9474-1A3956D46DE8}") = "Renderer", "Renderer", "{D4F78A42-CE67-4A37-BAEE-3F269B610C21}"
EndProject
Project("{8BC9CEB8-8B4A-11D0-8D11-00A0C91BC942}") = "Audio", "Source\Engine\Audio\Audio.vcxproj", "{810896D5-D025-413D-8F55-F860FAB1BB59}"
EndProject
Project("{8BC9CEB8-8B4A-11D0-8D11-00A0C91BC942}") = "Core", "Source\Engine\Core\Core.vcxproj", "{44FC09A5-0CEE-4CF3-B6CB-1E6E386589A4}"
EndProject
Project("{8BC9CEB8-8B4A-11D0-8D11-00A0C91BC942}") = "Framework", "Source\Engine\Framework\Framework.vcxproj", "{6BBBE913-8A55-486D-94F8-916C2A2E83CA}"
EndProject
Project("{8BC9CEB8-8B4A-11D0-8D11-00A0C91BC942}") = "Input", "Source\Engine\Input\Input.vcxproj", "{03DB681C-EFFF-4F48-8173-BA0A09473F6F}"
EndProject
Project("{8BC9CEB8-8B4A-11D0-8D11-00A0C91BC942}") = "Renderer", "Source\Engine\Renderer\Renderer.vcxproj", "{151337D5-84BB-4602-81EB-33BD4D4CF469}"
EndProject
Project("{8BC9CEB8-8B4A-11D0-8D11-00A0C91BC942}") = "Game", "Source\Game\Game\Game.vcxproj", "{5396FAFE-B430-47C0-BEBC-D5F44060ABCF}"
EndProject
Project("{2150E333-8FDC-42A3-9474-1A3956D46DE8}") = "Physics", "Physics", "{230DF506-C94A-4938-B54E-C1855E3E5F7C}"
EndProject
Project("{8BC9CEB8-8B4A-11D0-8D11-00A0C91BC942}") = "Physics", "Source\Engine\Physics\.vs\Physics\Physics.vcxproj", "{8E47977C-8F8C-4D6C-8E35-223752FF278D}"
EndProject
Project("{8BC9CEB8-8B4A-11D0-8D11-00A0C91BC942}") = "PlatformGame", "Source\Game\PlatformGame\PlatformGame.vcxproj", "{D491A121-CB3A-4137-941F-BE1CCD7CF54A}"
EndProject
Global
	GlobalSection(SolutionConfigurationPlatforms) = preSolution
		Debug|x64 = Debug|x64
		Debug|x86 = Debug|x86
		Release|x64 = Release|x64
		Release|x86 = Release|x86
	EndGlobalSection
	GlobalSection(ProjectConfigurationPlatforms) = postSolution
		{810896D5-D025-413D-8F55-F860FAB1BB59}.Debug|x64.ActiveCfg = Debug|x64
		{810896D5-D025-413D-8F55-F860FAB1BB59}.Debug|x64.Build.0 = Debug|x64
		{810896D5-D025-413D-8F55-F860FAB1BB59}.Debug|x86.ActiveCfg = Debug|Win32
		{810896D5-D025-413D-8F55-F860FAB1BB59}.Debug|x86.Build.0 = Debug|Win32
		{810896D5-D025-413D-8F55-F860FAB1BB59}.Release|x64.ActiveCfg = Release|x64
		{810896D5-D025-413D-8F55-F860FAB1BB59}.Release|x64.Build.0 = Release|x64
		{810896D5-D025-413D-8F55-F860FAB1BB59}.Release|x86.ActiveCfg = Release|Win32
		{810896D5-D025-413D-8F55-F860FAB1BB59}.Release|x86.Build.0 = Release|Win32
		{44FC09A5-0CEE-4CF3-B6CB-1E6E386589A4}.Debug|x64.ActiveCfg = Debug|x64
		{44FC09A5-0CEE-4CF3-B6CB-1E6E386589A4}.Debug|x64.Build.0 = Debug|x64
		{44FC09A5-0CEE-4CF3-B6CB-1E6E386589A4}.Debug|x86.ActiveCfg = Debug|Win32
		{44FC09A5-0CEE-4CF3-B6CB-1E6E386589A4}.Debug|x86.Build.0 = Debug|Win32
		{44FC09A5-0CEE-4CF3-B6CB-1E6E386589A4}.Release|x64.ActiveCfg = Release|x64
		{44FC09A5-0CEE-4CF3-B6CB-1E6E386589A4}.Release|x64.Build.0 = Release|x64
		{44FC09A5-0CEE-4CF3-B6CB-1E6E386589A4}.Release|x86.ActiveCfg = Release|Win32
		{44FC09A5-0CEE-4CF3-B6CB-1E6E386589A4}.Release|x86.Build.0 = Release|Win32
		{6BBBE913-8A55-486D-94F8-916C2A2E83CA}.Debug|x64.ActiveCfg = Debug|x64
		{6BBBE913-8A55-486D-94F8-916C2A2E83CA}.Debug|x64.Build.0 = Debug|x64
		{6BBBE913-8A55-486D-94F8-916C2A2E83CA}.Debug|x86.ActiveCfg = Debug|Win32
		{6BBBE913-8A55-486D-94F8-916C2A2E83CA}.Debug|x86.Build.0 = Debug|Win32
		{6BBBE913-8A55-486D-94F8-916C2A2E83CA}.Release|x64.ActiveCfg = Release|x64
		{6BBBE913-8A55-486D-94F8-916C2A2E83CA}.Release|x64.Build.0 = Release|x64
		{6BBBE913-8A55-486D-94F8-916C2A2E83CA}.Release|x86.ActiveCfg = Release|Win32
		{6BBBE913-8A55-486D-94F8-916C2A2E83CA}.Release|x86.Build.0 = Release|Win32
		{03DB681C-EFFF-4F48-8173-BA0A09473F6F}.Debug|x64.ActiveCfg = Debug|x64
		{03DB681C-EFFF-4F48-8173-BA0A09473F6F}.Debug|x64.Build.0 = Debug|x64
		{03DB681C-EFFF-4F48-8173-BA0A09473F6F}.Debug|x86.ActiveCfg = Debug|Win32
		{03DB681C-EFFF-4F48-8173-BA0A09473F6F}.Debug|x86.Build.0 = Debug|Win32
		{03DB681C-EFFF-4F48-8173-BA0A09473F6F}.Release|x64.ActiveCfg = Release|x64
		{03DB681C-EFFF-4F48-8173-BA0A09473F6F}.Release|x64.Build.0 = Release|x64
		{03DB681C-EFFF-4F48-8173-BA0A09473F6F}.Release|x86.ActiveCfg = Release|Win32
		{03DB681C-EFFF-4F48-8173-BA0A09473F6F}.Release|x86.Build.0 = Release|Win32
		{151337D5-84BB-4602-81EB-33BD4D4CF469}.Debug|x64.ActiveCfg = Debug|x64
		{151337D5-84BB-4602-81EB-33BD4D4CF469}.Debug|x64.Build.0 = Debug|x64
		{151337D5-84BB-4602-81EB-33BD4D4CF469}.Debug|x86.ActiveCfg = Debug|Win32
		{151337D5-84BB-4602-81EB-33BD4D4CF469}.Debug|x86.Build.0 = Debug|Win32
		{151337D5-84BB-4602-81EB-33BD4D4CF469}.Release|x64.ActiveCfg = Release|x64
		{151337D5-84BB-4602-81EB-33BD4D4CF469}.Release|x64.Build.0 = Release|x64
		{151337D5-84BB-4602-81EB-33BD4D4CF469}.Release|x86.ActiveCfg = Release|Win32
		{151337D5-84BB-4602-81EB-33BD4D4CF469}.Release|x86.Build.0 = Release|Win32
		{5396FAFE-B430-47C0-BEBC-D5F44060ABCF}.Debug|x64.ActiveCfg = Debug|x64
		{5396FAFE-B430-47C0-BEBC-D5F44060ABCF}.Debug|x64.Build.0 = Debug|x64
		{5396FAFE-B430-47C0-BEBC-D5F44060ABCF}.Debug|x86.ActiveCfg = Debug|Win32
		{5396FAFE-B430-47C0-BEBC-D5F44060ABCF}.Debug|x86.Build.0 = Debug|Win32
		{5396FAFE-B430-47C0-BEBC-D5F44060ABCF}.Release|x64.ActiveCfg = Release|x64
		{5396FAFE-B430-47C0-BEBC-D5F44060ABCF}.Release|x64.Build.0 = Release|x64
		{5396FAFE-B430-47C0-BEBC-D5F44060ABCF}.Release|x86.ActiveCfg = Release|Win32
		{5396FAFE-B430-47C0-BEBC-D5F44060ABCF}.Release|x86.Build.0 = Release|Win32
		{8E47977C-8F8C-4D6C-8E35-223752FF278D}.Debug|x64.ActiveCfg = Debug|x64
		{8E47977C-8F8C-4D6C-8E35-223752FF278D}.Debug|x64.Build.0 = Debug|x64
		{8E47977C-8F8C-4D6C-8E35-223752FF278D}.Debug|x86.ActiveCfg = Debug|Win32
		{8E47977C-8F8C-4D6C-8E35-223752FF278D}.Debug|x86.Build.0 = Debug|Win32
		{8E47977C-8F8C-4D6C-8E35-223752FF278D}.Release|x64.ActiveCfg = Release|x64
		{8E47977C-8F8C-4D6C-8E35-223752FF278D}.Release|x64.Build.0 = Release|x64
		{8E47977C-8F8C-4D6C-8E35-223752FF278D}.Release|x86.ActiveCfg = Release|Win32
		{8E47977C-8F8C-4D6C-8E35-223752FF278D}.Release|x86.Build.0 = Release|Win32
		{D491A121-CB3A-4137-941F-BE1CCD7CF54A}.Debug|x64.ActiveCfg = Debug|x64
		{D491A121-CB3A-4137-941F-BE1CCD7CF54A}.Debug|x64.Build.0 = Debug|x64
		{D491A121-CB3A-4137-941F-BE1CCD7CF54A}.Debug|x86.ActiveCfg = Debug|Win32
		{D491A121-CB3A-4137-941F-BE1CCD7CF54A}.Debug|x86.Build.0 = Debug|Win32
		{D491A121-CB3A-4137-941F-BE1CCD7CF54A}.Release|x64.ActiveCfg = Release|x64
		{D491A121-CB3A-4137-941F-BE1CCD7CF54A}.Release|x64.Build.0 = Release|x64
		{D491A121-CB3A-4137-941F-BE1CCD7CF54A}.Release|x86.ActiveCfg = Release|Win32
		{D491A121-CB3A-4137-941F-BE1CCD7CF54A}.Release|x86.Build.0 = Release|Win32
	EndGlobalSection
	GlobalSection(SolutionProperties) = preSolution
		HideSolutionNode = FALSE
	EndGlobalSection
	GlobalSection(NestedProjects) = preSolution
		{DD361952-F8A5-477F-878D-643DD79F791F} = {AD92CFFF-27F4-4DD9-8BCB-BF1005E3CE42}
		{7A473815-312B-45EC-B0CF-615BD99E747F} = {AD92CFFF-27F4-4DD9-8BCB-BF1005E3CE42}
		{63404EC7-9AB4-465E-9E64-BB6C2B62FE4C} = {AD92CFFF-27F4-4DD9-8BCB-BF1005E3CE42}
		{1368B514-3476-4EFF-B513-8CD53B164184} = {AD92CFFF-27F4-4DD9-8BCB-BF1005E3CE42}
		{D4F78A42-CE67-4A37-BAEE-3F269B610C21} = {AD92CFFF-27F4-4DD9-8BCB-BF1005E3CE42}
		{810896D5-D025-413D-8F55-F860FAB1BB59} = {DD361952-F8A5-477F-878D-643DD79F791F}
		{44FC09A5-0CEE-4CF3-B6CB-1E6E386589A4} = {7A473815-312B-45EC-B0CF-615BD99E747F}
		{6BBBE913-8A55-486D-94F8-916C2A2E83CA} = {63404EC7-9AB4-465E-9E64-BB6C2B62FE4C}
		{03DB681C-EFFF-4F48-8173-BA0A09473F6F} = {1368B514-3476-4EFF-B513-8CD53B164184}
		{151337D5-84BB-4602-81EB-33BD4D4CF469} = {D4F78A42-CE67-4A37-BAEE-3F269B610C21}
		{5396FAFE-B430-47C0-BEBC-D5F44060ABCF} = {0C1DCB25-C0E0-4D7D-BB82-4FCFBA5B54DC}
		{230DF506-C94A-4938-B54E-C1855E3E5F7C} = {AD92CFFF-27F4-4DD9-8BCB-BF1005E3CE42}
		{8E47977C-8F8C-4D6C-8E35-223752FF278D} = {230DF506-C94A-4938-B54E-C1855E3E5F7C}
		{D491A121-CB3A-4137-941F-BE1CCD7CF54A} = {0C1DCB25-C0E0-4D7D-BB82-4FCFBA5B54DC}
	EndGlobalSection
	GlobalSection(ExtensibilityGlobals) = postSolution
		SolutionGuid = {68F38A09-AB29-49C7-9DA2-9B3204968449}
	EndGlobalSection
EndGlobal
