<?xml version="1.0" encoding="utf-8"?>
<Project ToolsVersion="4.0" xmlns="http://schemas.microsoft.com/developer/msbuild/2003">
  <ItemGroup>
    <Filter Include="Source Files">
      <UniqueIdentifier>{4FC737F1-C7A5-4376-A066-2A32D752A2FF}</UniqueIdentifier>
      <Extensions>cpp;c;cc;cxx;c++;cppm;ixx;def;odl;idl;hpj;bat;asm;asmx</Extensions>
    </Filter>
    <Filter Include="Source Files\Resource">
      <UniqueIdentifier>{bcdee0e4-393b-46e4-833b-49f4eedf145f}</UniqueIdentifier>
    </Filter>
    <Filter Include="Source Files\Component">
      <UniqueIdentifier>{c4390ff8-3e4c-4c47-8876-80e48a09ea7b}</UniqueIdentifier>
    </Filter>
  </ItemGroup>
  <ItemGroup>
    <ClCompile Include="Actor.cpp">
      <Filter>Source Files</Filter>
    </ClCompile>
    <ClCompile Include="Scene.cpp">
      <Filter>Source Files</Filter>
    </ClCompile>
    <ClCompile Include="Emitter.cpp">
      <Filter>Source Files</Filter>
    </ClCompile>
    <ClCompile Include="Resource\ResourceManager.cpp">
      <Filter>Source Files\Resource</Filter>
    </ClCompile>
    <ClCompile Include="Component\Sprite.cpp">
      <Filter>Source Files\Component</Filter>
    </ClCompile>
    <ClCompile Include="Component\ModRendComp.cpp">
      <Filter>Source Files\Component</Filter>
    </ClCompile>
    <ClCompile Include="Component\EnginePhysics.cpp">
      <Filter>Source Files\Component</Filter>
    </ClCompile>
  </ItemGroup>
  <ItemGroup>
    <ClInclude Include="Actor.h">
      <Filter>Source Files</Filter>
    </ClInclude>
    <ClInclude Include="Scene.h">
      <Filter>Source Files</Filter>
    </ClInclude>
    <ClInclude Include="Game.h">
      <Filter>Source Files</Filter>
    </ClInclude>
    <ClInclude Include="Emitter.h">
      <Filter>Source Files</Filter>
    </ClInclude>
    <ClInclude Include="Resource\Resource.h">
      <Filter>Source Files\Resource</Filter>
    </ClInclude>
    <ClInclude Include="Resource\ResourceManager.h">
      <Filter>Source Files\Resource</Filter>
    </ClInclude>
    <ClInclude Include="Component\Components.h">
      <Filter>Source Files\Component</Filter>
    </ClInclude>
    <ClInclude Include="Component\RenderComponent.h">
      <Filter>Source Files\Component</Filter>
    </ClInclude>
    <ClInclude Include="Component\Sprite.h">
      <Filter>Source Files\Component</Filter>
    </ClInclude>
    <ClInclude Include="Component\Physics.h">
      <Filter>Source Files\Component</Filter>
    </ClInclude>
    <ClInclude Include="Component\ModRendComp.h">
      <Filter>Source Files\Component</Filter>
    </ClInclude>
    <ClInclude Include="Component\EnginePhysicsComp.h">
      <Filter>Source Files\Component</Filter>
    </ClInclude>
    <ClInclude Include="Framework.h">
      <Filter>Source Files</Filter>
    </ClInclude>
  </ItemGroup>
</Project>